
Microsoft Visual Studio Solution File, Format Version 12.00
# Visual Studio Version 17
VisualStudioVersion = 17.0.31903.59
MinimumVisualStudioVersion = 10.0.40219.1
Project("{FAE04EC0-301F-11D3-BF4B-00C04F79EFBC}") = "API", "API\API.csproj", "{1E7E59D4-9D72-4B6A-85BD-06AA0C42E120}"
EndProject
Project("{FAE04EC0-301F-11D3-BF4B-00C04F79EFBC}") = "Application", "Application\Application.csproj", "{8A1ABA8B-AA17-416F-9C6C-7E9547EB44E4}"
EndProject
Project("{FAE04EC0-301F-11D3-BF4B-00C04F79EFBC}") = "Domain", "Domain\Domain.csproj", "{1E43C9B0-6C15-477D-8F01-2FE9D6967DB6}"
EndProject
Project("{FAE04EC0-301F-11D3-BF4B-00C04F79EFBC}") = "Persistence", "Persistence\Persistence.csproj", "{6FC78F79-3C1C-40D6-9D31-02B849BA5A09}"
EndProject
Global
	GlobalSection(SolutionConfigurationPlatforms) = preSolution
		Debug|Any CPU = Debug|Any CPU
		Debug|x64 = Debug|x64
		Debug|x86 = Debug|x86
		Release|Any CPU = Release|Any CPU
		Release|x64 = Release|x64
		Release|x86 = Release|x86
	EndGlobalSection
	GlobalSection(ProjectConfigurationPlatforms) = postSolution
		{1E7E59D4-9D72-4B6A-85BD-06AA0C42E120}.Debug|Any CPU.ActiveCfg = Debug|Any CPU
		{1E7E59D4-9D72-4B6A-85BD-06AA0C42E120}.Debug|Any CPU.Build.0 = Debug|Any CPU
		{1E7E59D4-9D72-4B6A-85BD-06AA0C42E120}.Debug|x64.ActiveCfg = Debug|Any CPU
		{1E7E59D4-9D72-4B6A-85BD-06AA0C42E120}.Debug|x64.Build.0 = Debug|Any CPU
		{1E7E59D4-9D72-4B6A-85BD-06AA0C42E120}.Debug|x86.ActiveCfg = Debug|Any CPU
		{1E7E59D4-9D72-4B6A-85BD-06AA0C42E120}.Debug|x86.Build.0 = Debug|Any CPU
		{1E7E59D4-9D72-4B6A-85BD-06AA0C42E120}.Release|Any CPU.ActiveCfg = Release|Any CPU
		{1E7E59D4-9D72-4B6A-85BD-06AA0C42E120}.Release|Any CPU.Build.0 = Release|Any CPU
		{1E7E59D4-9D72-4B6A-85BD-06AA0C42E120}.Release|x64.ActiveCfg = Release|Any CPU
		{1E7E59D4-9D72-4B6A-85BD-06AA0C42E120}.Release|x64.Build.0 = Release|Any CPU
		{1E7E59D4-9D72-4B6A-85BD-06AA0C42E120}.Release|x86.ActiveCfg = Release|Any CPU
		{1E7E59D4-9D72-4B6A-85BD-06AA0C42E120}.Release|x86.Build.0 = Release|Any CPU
		{8A1ABA8B-AA17-416F-9C6C-7E9547EB44E4}.Debug|Any CPU.ActiveCfg = Debug|Any CPU
		{8A1ABA8B-AA17-416F-9C6C-7E9547EB44E4}.Debug|Any CPU.Build.0 = Debug|Any CPU
		{8A1ABA8B-AA17-416F-9C6C-7E9547EB44E4}.Debug|x64.ActiveCfg = Debug|Any CPU
		{8A1ABA8B-AA17-416F-9C6C-7E9547EB44E4}.Debug|x64.Build.0 = Debug|Any CPU
		{8A1ABA8B-AA17-416F-9C6C-7E9547EB44E4}.Debug|x86.ActiveCfg = Debug|Any CPU
		{8A1ABA8B-AA17-416F-9C6C-7E9547EB44E4}.Debug|x86.Build.0 = Debug|Any CPU
		{8A1ABA8B-AA17-416F-9C6C-7E9547EB44E4}.Release|Any CPU.ActiveCfg = Release|Any CPU
		{8A1ABA8B-AA17-416F-9C6C-7E9547EB44E4}.Release|Any CPU.Build.0 = Release|Any CPU
		{8A1ABA8B-AA17-416F-9C6C-7E9547EB44E4}.Release|x64.ActiveCfg = Release|Any CPU
		{8A1ABA8B-AA17-416F-9C6C-7E9547EB44E4}.Release|x64.Build.0 = Release|Any CPU
		{8A1ABA8B-AA17-416F-9C6C-7E9547EB44E4}.Release|x86.ActiveCfg = Release|Any CPU
		{8A1ABA8B-AA17-416F-9C6C-7E9547EB44E4}.Release|x86.Build.0 = Release|Any CPU
		{1E43C9B0-6C15-477D-8F01-2FE9D6967DB6}.Debug|Any CPU.ActiveCfg = Debug|Any CPU
		{1E43C9B0-6C15-477D-8F01-2FE9D6967DB6}.Debug|Any CPU.Build.0 = Debug|Any CPU
		{1E43C9B0-6C15-477D-8F01-2FE9D6967DB6}.Debug|x64.ActiveCfg = Debug|Any CPU
		{1E43C9B0-6C15-477D-8F01-2FE9D6967DB6}.Debug|x64.Build.0 = Debug|Any CPU
		{1E43C9B0-6C15-477D-8F01-2FE9D6967DB6}.Debug|x86.ActiveCfg = Debug|Any CPU
		{1E43C9B0-6C15-477D-8F01-2FE9D6967DB6}.Debug|x86.Build.0 = Debug|Any CPU
		{1E43C9B0-6C15-477D-8F01-2FE9D6967DB6}.Release|Any CPU.ActiveCfg = Release|Any CPU
		{1E43C9B0-6C15-477D-8F01-2FE9D6967DB6}.Release|Any CPU.Build.0 = Release|Any CPU
		{1E43C9B0-6C15-477D-8F01-2FE9D6967DB6}.Release|x64.ActiveCfg = Release|Any CPU
		{1E43C9B0-6C15-477D-8F01-2FE9D6967DB6}.Release|x64.Build.0 = Release|Any CPU
		{1E43C9B0-6C15-477D-8F01-2FE9D6967DB6}.Release|x86.ActiveCfg = Release|Any CPU
		{1E43C9B0-6C15-477D-8F01-2FE9D6967DB6}.Release|x86.Build.0 = Release|Any CPU
		{6FC78F79-3C1C-40D6-9D31-02B849BA5A09}.Debug|Any CPU.ActiveCfg = Debug|Any CPU
		{6FC78F79-3C1C-40D6-9D31-02B849BA5A09}.Debug|Any CPU.Build.0 = Debug|Any CPU
		{6FC78F79-3C1C-40D6-9D31-02B849BA5A09}.Debug|x64.ActiveCfg = Debug|Any CPU
		{6FC78F79-3C1C-40D6-9D31-02B849BA5A09}.Debug|x64.Build.0 = Debug|Any CPU
		{6FC78F79-3C1C-40D6-9D31-02B849BA5A09}.Debug|x86.ActiveCfg = Debug|Any CPU
		{6FC78F79-3C1C-40D6-9D31-02B849BA5A09}.Debug|x86.Build.0 = Debug|Any CPU
		{6FC78F79-3C1C-40D6-9D31-02B849BA5A09}.Release|Any CPU.ActiveCfg = Release|Any CPU
		{6FC78F79-3C1C-40D6-9D31-02B849BA5A09}.Release|Any CPU.Build.0 = Release|Any CPU
		{6FC78F79-3C1C-40D6-9D31-02B849BA5A09}.Release|x64.ActiveCfg = Release|Any CPU
		{6FC78F79-3C1C-40D6-9D31-02B849BA5A09}.Release|x64.Build.0 = Release|Any CPU
		{6FC78F79-3C1C-40D6-9D31-02B849BA5A09}.Release|x86.ActiveCfg = Release|Any CPU
		{6FC78F79-3C1C-40D6-9D31-02B849BA5A09}.Release|x86.Build.0 = Release|Any CPU
	EndGlobalSection
	GlobalSection(SolutionProperties) = preSolution
		HideSolutionNode = FALSE
	EndGlobalSection
EndGlobal
